
Microsoft Visual Studio Solution File, Format Version 12.00
# Visual Studio Version 17
VisualStudioVersion = 17.10.34928.147
MinimumVisualStudioVersion = 10.0.40219.1
Project("{9A19103F-16F7-4668-BE54-9A1E7A4F7556}") = "_1_GUI_QLBH", "_1_GUI_QLBH\_1_GUI_QLBH.csproj", "{4C806342-58E7-4E66-9A0A-FFC44953FEBE}"
EndProject
Project("{9A19103F-16F7-4668-BE54-9A1E7A4F7556}") = "_2_BUS_QLBH", "_2_BUS_QLBH\_2_BUS_QLBH.csproj", "{91FB3BED-6DE2-4D77-8969-97314B58FF98}"
EndProject
Project("{9A19103F-16F7-4668-BE54-9A1E7A4F7556}") = "_3_DAL_QLBH", "_3_DAL_QLBH\_3_DAL_QLBH.csproj", "{A2DF80E2-A69C-4AF7-BC80-E9C39CAA5547}"
EndProject
Project("{9A19103F-16F7-4668-BE54-9A1E7A4F7556}") = "DTO_QLBH", "DTO_QLBH\DTO_QLBH.csproj", "{6CB8BDC9-2964-4C4A-BA7D-177A6C57C712}"
EndProject
Project("{9A19103F-16F7-4668-BE54-9A1E7A4F7556}") = "_3_DAL_QLBHTests", "_3_DAL_QLBHTests\_3_DAL_QLBHTests.csproj", "{DCF58582-DBA6-4D5B-B7D9-CBC73C481C56}"
EndProject
Global
	GlobalSection(SolutionConfigurationPlatforms) = preSolution
		Debug|Any CPU = Debug|Any CPU
		Release|Any CPU = Release|Any CPU
	EndGlobalSection
	GlobalSection(ProjectConfigurationPlatforms) = postSolution
		{4C806342-58E7-4E66-9A0A-FFC44953FEBE}.Debug|Any CPU.ActiveCfg = Debug|Any CPU
		{4C806342-58E7-4E66-9A0A-FFC44953FEBE}.Debug|Any CPU.Build.0 = Debug|Any CPU
		{4C806342-58E7-4E66-9A0A-FFC44953FEBE}.Release|Any CPU.ActiveCfg = Release|Any CPU
		{4C806342-58E7-4E66-9A0A-FFC44953FEBE}.Release|Any CPU.Build.0 = Release|Any CPU
		{91FB3BED-6DE2-4D77-8969-97314B58FF98}.Debug|Any CPU.ActiveCfg = Debug|Any CPU
		{91FB3BED-6DE2-4D77-8969-97314B58FF98}.Debug|Any CPU.Build.0 = Debug|Any CPU
		{91FB3BED-6DE2-4D77-8969-97314B58FF98}.Release|Any CPU.ActiveCfg = Release|Any CPU
		{91FB3BED-6DE2-4D77-8969-97314B58FF98}.Release|Any CPU.Build.0 = Release|Any CPU
		{A2DF80E2-A69C-4AF7-BC80-E9C39CAA5547}.Debug|Any CPU.ActiveCfg = Debug|Any CPU
		{A2DF80E2-A69C-4AF7-BC80-E9C39CAA5547}.Debug|Any CPU.Build.0 = Debug|Any CPU
		{A2DF80E2-A69C-4AF7-BC80-E9C39CAA5547}.Release|Any CPU.ActiveCfg = Release|Any CPU
		{A2DF80E2-A69C-4AF7-BC80-E9C39CAA5547}.Release|Any CPU.Build.0 = Release|Any CPU
		{6CB8BDC9-2964-4C4A-BA7D-177A6C57C712}.Debug|Any CPU.ActiveCfg = Debug|Any CPU
		{6CB8BDC9-2964-4C4A-BA7D-177A6C57C712}.Debug|Any CPU.Build.0 = Debug|Any CPU
		{6CB8BDC9-2964-4C4A-BA7D-177A6C57C712}.Release|Any CPU.ActiveCfg = Release|Any CPU
		{6CB8BDC9-2964-4C4A-BA7D-177A6C57C712}.Release|Any CPU.Build.0 = Release|Any CPU
		{DCF58582-DBA6-4D5B-B7D9-CBC73C481C56}.Debug|Any CPU.ActiveCfg = Debug|Any CPU
		{DCF58582-DBA6-4D5B-B7D9-CBC73C481C56}.Debug|Any CPU.Build.0 = Debug|Any CPU
		{DCF58582-DBA6-4D5B-B7D9-CBC73C481C56}.Release|Any CPU.ActiveCfg = Release|Any CPU
		{DCF58582-DBA6-4D5B-B7D9-CBC73C481C56}.Release|Any CPU.Build.0 = Release|Any CPU
	EndGlobalSection
	GlobalSection(SolutionProperties) = preSolution
		HideSolutionNode = FALSE
	EndGlobalSection
	GlobalSection(ExtensibilityGlobals) = postSolution
		SolutionGuid = {84515F7E-9C27-409D-B4F9-6D9301CCCAC9}
	EndGlobalSection
EndGlobal
